
Microsoft Visual Studio Solution File, Format Version 12.00
# Visual Studio 15
Project("{FAE04EC0-301F-11D3-BF4B-00C04F79EFBC}") = "Assembly-CSharp", "Assembly-CSharp.csproj", "{ACFD8256-8D57-28A7-CDB8-5280D73727E1}"
EndProject
Project("{FAE04EC0-301F-11D3-BF4B-00C04F79EFBC}") = "Assembly-CSharp-Editor", "Assembly-CSharp-Editor.csproj", "{DBE19666-5A5D-D63F-1918-2F20AEDB42E4}"
EndProject
Global
	GlobalSection(SolutionConfigurationPlatforms) = preSolution
		Debug|Any CPU = Debug|Any CPU
		Release|Any CPU = Release|Any CPU
	EndGlobalSection
	GlobalSection(ProjectConfigurationPlatforms) = postSolution
		{ACFD8256-8D57-28A7-CDB8-5280D73727E1}.Debug|Any CPU.ActiveCfg = Debug|Any CPU
		{ACFD8256-8D57-28A7-CDB8-5280D73727E1}.Debug|Any CPU.Build.0 = Debug|Any CPU
		{ACFD8256-8D57-28A7-CDB8-5280D73727E1}.Release|Any CPU.ActiveCfg = Release|Any CPU
		{ACFD8256-8D57-28A7-CDB8-5280D73727E1}.Release|Any CPU.Build.0 = Release|Any CPU
		{DBE19666-5A5D-D63F-1918-2F20AEDB42E4}.Debug|Any CPU.ActiveCfg = Debug|Any CPU
		{DBE19666-5A5D-D63F-1918-2F20AEDB42E4}.Debug|Any CPU.Build.0 = Debug|Any CPU
		{DBE19666-5A5D-D63F-1918-2F20AEDB42E4}.Release|Any CPU.ActiveCfg = Release|Any CPU
		{DBE19666-5A5D-D63F-1918-2F20AEDB42E4}.Release|Any CPU.Build.0 = Release|Any CPU
	EndGlobalSection
	GlobalSection(SolutionProperties) = preSolution
		HideSolutionNode = FALSE
	EndGlobalSection
EndGlobal
